// !$*UTF8*$!
{
	archiveVersion = 1;
	classes = {
	};
	objectVersion = 50;
	objects = {

/* Begin PBXBuildFile section */
		1B79B5AE209349D400E85D42 /* AppDelegate.swift in Sources */ = {isa = PBXBuildFile; fileRef = 1B79B5AD209349D400E85D42 /* AppDelegate.swift */; };
		1B79B5B0209349D400E85D42 /* ViewController.swift in Sources */ = {isa = PBXBuildFile; fileRef = 1B79B5AF209349D400E85D42 /* ViewController.swift */; };
		1B79B5B3209349D400E85D42 /* Main.storyboard in Resources */ = {isa = PBXBuildFile; fileRef = 1B79B5B1209349D400E85D42 /* Main.storyboard */; };
		1B79B5B5209349D600E85D42 /* Assets.xcassets in Resources */ = {isa = PBXBuildFile; fileRef = 1B79B5B4209349D600E85D42 /* Assets.xcassets */; };
		1B79B5B8209349D600E85D42 /* LaunchScreen.storyboard in Resources */ = {isa = PBXBuildFile; fileRef = 1B79B5B6209349D600E85D42 /* LaunchScreen.storyboard */; };
		1B79B5C2209376D000E85D42 /* MPCManager.swift in Sources */ = {isa = PBXBuildFile; fileRef = 1B79B5C1209376D000E85D42 /* MPCManager.swift */; };
		1B79B5C82094C0AF00E85D42 /* MessagesCell.swift in Sources */ = {isa = PBXBuildFile; fileRef = 1B79B5C72094C0AF00E85D42 /* MessagesCell.swift */; };
		1B7ED3FE236F296900ADAB0C /* Logger.swift in Sources */ = {isa = PBXBuildFile; fileRef = 1B7ED3FD236F296900ADAB0C /* Logger.swift */; };
/* End PBXBuildFile section */

/* Begin PBXFileReference section */
		1B79B5AA209349D400E85D42 /* CP2P.app */ = {isa = PBXFileReference; explicitFileType = wrapper.application; includeInIndex = 0; path = CP2P.app; sourceTree = BUILT_PRODUCTS_DIR; };
		1B79B5AD209349D400E85D42 /* AppDelegate.swift */ = {isa = PBXFileReference; lastKnownFileType = sourcecode.swift; path = AppDelegate.swift; sourceTree = "<group>"; };
		1B79B5AF209349D400E85D42 /* ViewController.swift */ = {isa = PBXFileReference; lastKnownFileType = sourcecode.swift; path = ViewController.swift; sourceTree = "<group>"; };
		1B79B5B2209349D400E85D42 /* Base */ = {isa = PBXFileReference; lastKnownFileType = file.storyboard; name = Base; path = Base.lproj/Main.storyboard; sourceTree = "<group>"; };
		1B79B5B4209349D600E85D42 /* Assets.xcassets */ = {isa = PBXFileReference; lastKnownFileType = folder.assetcatalog; path = Assets.xcassets; sourceTree = "<group>"; };
		1B79B5B7209349D600E85D42 /* Base */ = {isa = PBXFileReference; lastKnownFileType = file.storyboard; name = Base; path = Base.lproj/LaunchScreen.storyboard; sourceTree = "<group>"; };
		1B79B5B9209349D600E85D42 /* Info.plist */ = {isa = PBXFileReference; lastKnownFileType = text.plist.xml; path = Info.plist; sourceTree = "<group>"; };
		1B79B5C1209376D000E85D42 /* MPCManager.swift */ = {isa = PBXFileReference; lastKnownFileType = sourcecode.swift; path = MPCManager.swift; sourceTree = "<group>"; };
		1B79B5C72094C0AF00E85D42 /* MessagesCell.swift */ = {isa = PBXFileReference; lastKnownFileType = sourcecode.swift; path = MessagesCell.swift; sourceTree = "<group>"; };
		1B7ED3FD236F296900ADAB0C /* Logger.swift */ = {isa = PBXFileReference; lastKnownFileType = sourcecode.swift; path = Logger.swift; sourceTree = "<group>"; };
/* End PBXFileReference section */

/* Begin PBXFrameworksBuildPhase section */
		1B79B5A7209349D400E85D42 /* Frameworks */ = {
			isa = PBXFrameworksBuildPhase;
			buildActionMask = 2147483647;
			files = (
			);
			runOnlyForDeploymentPostprocessing = 0;
		};
/* End PBXFrameworksBuildPhase section */

/* Begin PBXGroup section */
		1B79B5A1209349D400E85D42 = {
			isa = PBXGroup;
			children = (
				1B79B5AC209349D400E85D42 /* ChatAspect */,
				1B79B5AB209349D400E85D42 /* Products */,
			);
			sourceTree = "<group>";
		};
		1B79B5AB209349D400E85D42 /* Products */ = {
			isa = PBXGroup;
			children = (
				1B79B5AA209349D400E85D42 /* CP2P.app */,
			);
			name = Products;
			sourceTree = "<group>";
		};
		1B79B5AC209349D400E85D42 /* ChatAspect */ = {
			isa = PBXGroup;
			children = (
				1B79B5AD209349D400E85D42 /* AppDelegate.swift */,
				1B7ED3FD236F296900ADAB0C /* Logger.swift */,
				1B79B5AF209349D400E85D42 /* ViewController.swift */,
				1B79B5C72094C0AF00E85D42 /* MessagesCell.swift */,
				1B79B5C1209376D000E85D42 /* MPCManager.swift */,
				1B79B5B1209349D400E85D42 /* Main.storyboard */,
				1B79B5B4209349D600E85D42 /* Assets.xcassets */,
				1B79B5B6209349D600E85D42 /* LaunchScreen.storyboard */,
				1B79B5B9209349D600E85D42 /* Info.plist */,
			);
			path = ChatAspect;
			sourceTree = "<group>";
		};
/* End PBXGroup section */

/* Begin PBXNativeTarget section */
		1B79B5A9209349D400E85D42 /* ChatAspect */ = {
			isa = PBXNativeTarget;
			buildConfigurationList = 1B79B5BC209349D600E85D42 /* Build configuration list for PBXNativeTarget "ChatAspect" */;
			buildPhases = (
				1B79B5A6209349D400E85D42 /* Sources */,
				1B79B5A7209349D400E85D42 /* Frameworks */,
				1B79B5A8209349D400E85D42 /* Resources */,
			);
			buildRules = (
			);
			dependencies = (
			);
			name = ChatAspect;
			productName = ChatAspect;
			productReference = 1B79B5AA209349D400E85D42 /* CP2P.app */;
			productType = "com.apple.product-type.application";
		};
/* End PBXNativeTarget section */

/* Begin PBXProject section */
		1B79B5A2209349D400E85D42 /* Project object */ = {
			isa = PBXProject;
			attributes = {
				LastSwiftUpdateCheck = 0930;
				LastUpgradeCheck = 0930;
				ORGANIZATIONNAME = pasp_development;
				TargetAttributes = {
					1B79B5A9209349D400E85D42 = {
						CreatedOnToolsVersion = 9.3;
						LastSwiftMigration = 1120;
					};
				};
			};
			buildConfigurationList = 1B79B5A5209349D400E85D42 /* Build configuration list for PBXProject "ChatAspect" */;
			compatibilityVersion = "Xcode 9.3";
			developmentRegion = en;
			hasScannedForEncodings = 0;
			knownRegions = (
				en,
				Base,
			);
			mainGroup = 1B79B5A1209349D400E85D42;
			productRefGroup = 1B79B5AB209349D400E85D42 /* Products */;
			projectDirPath = "";
			projectRoot = "";
			targets = (
				1B79B5A9209349D400E85D42 /* ChatAspect */,
			);
		};
/* End PBXProject section */

/* Begin PBXResourcesBuildPhase section */
		1B79B5A8209349D400E85D42 /* Resources */ = {
			isa = PBXResourcesBuildPhase;
			buildActionMask = 2147483647;
			files = (
				1B79B5B8209349D600E85D42 /* LaunchScreen.storyboard in Resources */,
				1B79B5B5209349D600E85D42 /* Assets.xcassets in Resources */,
				1B79B5B3209349D400E85D42 /* Main.storyboard in Resources */,
			);
			runOnlyForDeploymentPostprocessing = 0;
		};
/* End PBXResourcesBuildPhase section */

/* Begin PBXSourcesBuildPhase section */
		1B79B5A6209349D400E85D42 /* Sources */ = {
			isa = PBXSourcesBuildPhase;
			buildActionMask = 2147483647;
			files = (
				1B7ED3FE236F296900ADAB0C /* Logger.swift in Sources */,
				1B79B5B0209349D400E85D42 /* ViewController.swift in Sources */,
				1B79B5C2209376D000E85D42 /* MPCManager.swift in Sources */,
				1B79B5AE209349D400E85D42 /* AppDelegate.swift in Sources */,
				1B79B5C82094C0AF00E85D42 /* MessagesCell.swift in Sources */,
			);
			runOnlyForDeploymentPostprocessing = 0;
		};
/* End PBXSourcesBuildPhase section */

/* Begin PBXVariantGroup section */
		1B79B5B1209349D400E85D42 /* Main.storyboard */ = {
			isa = PBXVariantGroup;
			children = (
				1B79B5B2209349D400E85D42 /* Base */,
			);
			name = Main.storyboard;
			sourceTree = "<group>";
		};
		1B79B5B6209349D600E85D42 /* LaunchScreen.storyboard */ = {
			isa = PBXVariantGroup;
			children = (
				1B79B5B7209349D600E85D42 /* Base */,
			);
			name = LaunchScreen.storyboard;
			sourceTree = "<group>";
		};
/* End PBXVariantGroup section */

/* Begin XCBuildConfiguration section */
		1B79B5BA209349D600E85D42 /* Debug */ = {
			isa = XCBuildConfiguration;
			buildSettings = {
				ALWAYS_SEARCH_USER_PATHS = NO;
				CLANG_ANALYZER_NONNULL = YES;
				CLANG_ANALYZER_NUMBER_OBJECT_CONVERSION = YES_AGGRESSIVE;
				CLANG_CXX_LANGUAGE_STANDARD = "gnu++14";
				CLANG_CXX_LIBRARY = "libc++";
				CLANG_ENABLE_MODULES = YES;
				CLANG_ENABLE_OBJC_ARC = YES;
				CLANG_ENABLE_OBJC_WEAK = YES;
				CLANG_WARN_BLOCK_CAPTURE_AUTORELEASING = YES;
				CLANG_WARN_BOOL_CONVERSION = YES;
				CLANG_WARN_COMMA = YES;
				CLANG_WARN_CONSTANT_CONVERSION = YES;
				CLANG_WARN_DEPRECATED_OBJC_IMPLEMENTATIONS = YES;
				CLANG_WARN_DIRECT_OBJC_ISA_USAGE = YES_ERROR;
				CLANG_WARN_DOCUMENTATION_COMMENTS = YES;
				CLANG_WARN_EMPTY_BODY = YES;
				CLANG_WARN_ENUM_CONVERSION = YES;
				CLANG_WARN_INFINITE_RECURSION = YES;
				CLANG_WARN_INT_CONVERSION = YES;
				CLANG_WARN_NON_LITERAL_NULL_CONVERSION = YES;
				CLANG_WARN_OBJC_IMPLICIT_RETAIN_SELF = YES;
				CLANG_WARN_OBJC_LITERAL_CONVERSION = YES;
				CLANG_WARN_OBJC_ROOT_CLASS = YES_ERROR;
				CLANG_WARN_RANGE_LOOP_ANALYSIS = YES;
				CLANG_WARN_STRICT_PROTOTYPES = YES;
				CLANG_WARN_SUSPICIOUS_MOVE = YES;
				CLANG_WARN_UNGUARDED_AVAILABILITY = YES_AGGRESSIVE;
				CLANG_WARN_UNREACHABLE_CODE = YES;
				CLANG_WARN__DUPLICATE_METHOD_MATCH = YES;
				CODE_SIGN_IDENTITY = "iPhone Developer";
				COPY_PHASE_STRIP = NO;
				DEBUG_INFORMATION_FORMAT = dwarf;
				ENABLE_STRICT_OBJC_MSGSEND = YES;
				ENABLE_TESTABILITY = YES;
				GCC_C_LANGUAGE_STANDARD = gnu11;
				GCC_DYNAMIC_NO_PIC = NO;
				GCC_NO_COMMON_BLOCKS = YES;
				GCC_OPTIMIZATION_LEVEL = 0;
				GCC_PREPROCESSOR_DEFINITIONS = (
					"DEBUG=1",
					"$(inherited)",
				);
				GCC_WARN_64_TO_32_BIT_CONVERSION = YES;
				GCC_WARN_ABOUT_RETURN_TYPE = YES_ERROR;
				GCC_WARN_UNDECLARED_SELECTOR = YES;
				GCC_WARN_UNINITIALIZED_AUTOS = YES_AGGRESSIVE;
				GCC_WARN_UNUSED_FUNCTION = YES;
				GCC_WARN_UNUSED_VARIABLE = YES;
				IPHONEOS_DEPLOYMENT_TARGET = 11.3;
				MTL_ENABLE_DEBUG_INFO = YES;
				ONLY_ACTIVE_ARCH = YES;
				SDKROOT = iphoneos;
				SWIFT_ACTIVE_COMPILATION_CONDITIONS = DEBUG;
				SWIFT_OPTIMIZATION_LEVEL = "-Onone";
			};
			name = Debug;
		};
		1B79B5BB209349D600E85D42 /* Release */ = {
			isa = XCBuildConfiguration;
			buildSettings = {
				ALWAYS_SEARCH_USER_PATHS = NO;
				CLANG_ANALYZER_NONNULL = YES;
				CLANG_ANALYZER_NUMBER_OBJECT_CONVERSION = YES_AGGRESSIVE;
				CLANG_CXX_LANGUAGE_STANDARD = "gnu++14";
				CLANG_CXX_LIBRARY = "libc++";
				CLANG_ENABLE_MODULES = YES;
				CLANG_ENABLE_OBJC_ARC = YES;
				CLANG_ENABLE_OBJC_WEAK = YES;
				CLANG_WARN_BLOCK_CAPTURE_AUTORELEASING = YES;
				CLANG_WARN_BOOL_CONVERSION = YES;
				CLANG_WARN_COMMA = YES;
				CLANG_WARN_CONSTANT_CONVERSION = YES;
				CLANG_WARN_DEPRECATED_OBJC_IMPLEMENTATIONS = YES;
				CLANG_WARN_DIRECT_OBJC_ISA_USAGE = YES_ERROR;
				CLANG_WARN_DOCUMENTATION_COMMENTS = YES;
				CLANG_WARN_EMPTY_BODY = YES;
				CLANG_WARN_ENUM_CONVERSION = YES;
				CLANG_WARN_INFINITE_RECURSION = YES;
				CLANG_WARN_INT_CONVERSION = YES;
				CLANG_WARN_NON_LITERAL_NULL_CONVERSION = YES;
				CLANG_WARN_OBJC_IMPLICIT_RETAIN_SELF = YES;
				CLANG_WARN_OBJC_LITERAL_CONVERSION = YES;
				CLANG_WARN_OBJC_ROOT_CLASS = YES_ERROR;
				CLANG_WARN_RANGE_LOOP_ANALYSIS = YES;
				CLANG_WARN_STRICT_PROTOTYPES = YES;
				CLANG_WARN_SUSPICIOUS_MOVE = YES;
				CLANG_WARN_UNGUARDED_AVAILABILITY = YES_AGGRESSIVE;
				CLANG_WARN_UNREACHABLE_CODE = YES;
				CLANG_WARN__DUPLICATE_METHOD_MATCH = YES;
				CODE_SIGN_IDENTITY = "iPhone Developer";
				COPY_PHASE_STRIP = NO;
				DEBUG_INFORMATION_FORMAT = "dwarf-with-dsym";
				ENABLE_NS_ASSERTIONS = NO;
				ENABLE_STRICT_OBJC_MSGSEND = YES;
				GCC_C_LANGUAGE_STANDARD = gnu11;
				GCC_NO_COMMON_BLOCKS = YES;
				GCC_WARN_64_TO_32_BIT_CONVERSION = YES;
				GCC_WARN_ABOUT_RETURN_TYPE = YES_ERROR;
				GCC_WARN_UNDECLARED_SELECTOR = YES;
				GCC_WARN_UNINITIALIZED_AUTOS = YES_AGGRESSIVE;
				GCC_WARN_UNUSED_FUNCTION = YES;
				GCC_WARN_UNUSED_VARIABLE = YES;
				IPHONEOS_DEPLOYMENT_TARGET = 11.3;
				MTL_ENABLE_DEBUG_INFO = NO;
				SDKROOT = iphoneos;
				SWIFT_COMPILATION_MODE = wholemodule;
				SWIFT_OPTIMIZATION_LEVEL = "-O";
				VALIDATE_PRODUCT = YES;
			};
			name = Release;
		};
		1B79B5BD209349D600E85D42 /* Debug */ = {
			isa = XCBuildConfiguration;
			buildSettings = {
				ASSETCATALOG_COMPILER_APPICON_NAME = AppIcon;
				CODE_SIGN_STYLE = Automatic;
				DEVELOPMENT_TEAM = TT2HY7NRD9;
				INFOPLIST_FILE = ChatAspect/Info.plist;
				IPHONEOS_DEPLOYMENT_TARGET = 11.0;
				LD_RUNPATH_SEARCH_PATHS = (
					"$(inherited)",
					"@executable_path/Frameworks",
				);
				PRODUCT_BUNDLE_IDENTIFIER = com.pasp.thesis.ChatAspect;
				PRODUCT_NAME = CP2P;
				SWIFT_VERSION = 5.0;
				TARGETED_DEVICE_FAMILY = "1,2";
			};
			name = Debug;
		};
		1B79B5BE209349D600E85D42 /* Release */ = {
			isa = XCBuildConfiguration;
			buildSettings = {
				ASSETCATALOG_COMPILER_APPICON_NAME = AppIcon;
				CODE_SIGN_STYLE = Automatic;
				DEVELOPMENT_TEAM = TT2HY7NRD9;
				INFOPLIST_FILE = ChatAspect/Info.plist;
				IPHONEOS_DEPLOYMENT_TARGET = 11.0;
				LD_RUNPATH_SEARCH_PATHS = (
					"$(inherited)",
					"@executable_path/Frameworks",
				);
				PRODUCT_BUNDLE_IDENTIFIER = com.pasp.thesis.ChatAspect;
				PRODUCT_NAME = CP2P;
				SWIFT_VERSION = 5.0;
				TARGETED_DEVICE_FAMILY = "1,2";
			};
			name = Release;
		};
/* End XCBuildConfiguration section */

/* Begin XCConfigurationList section */
		1B79B5A5209349D400E85D42 /* Build configuration list for PBXProject "ChatAspect" */ = {
			isa = XCConfigurationList;
			buildConfigurations = (
				1B79B5BA209349D600E85D42 /* Debug */,
				1B79B5BB209349D600E85D42 /* Release */,
			);
			defaultConfigurationIsVisible = 0;
			defaultConfigurationName = Release;
		};
		1B79B5BC209349D600E85D42 /* Build configuration list for PBXNativeTarget "ChatAspect" */ = {
			isa = XCConfigurationList;
			buildConfigurations = (
				1B79B5BD209349D600E85D42 /* Debug */,
				1B79B5BE209349D600E85D42 /* Release */,
			);
			defaultConfigurationIsVisible = 0;
			defaultConfigurationName = Release;
		};
/* End XCConfigurationList section */
	};
	rootObject = 1B79B5A2209349D400E85D42 /* Project object */;
}
